// !$*UTF8*$!
{
	archiveVersion = 1;
	classes = {
	};
	objectVersion = 55;
	objects = {

/* Begin PBXBuildFile section */
		865541DF286354710096B746 /* taskListApp.swift in Sources */ = {isa = PBXBuildFile; fileRef = 865541DE286354710096B746 /* taskListApp.swift */; };
		865541E1286354710096B746 /* MainMenuView.swift in Sources */ = {isa = PBXBuildFile; fileRef = 865541E0286354710096B746 /* MainMenuView.swift */; };
		865541E3286354730096B746 /* Assets.xcassets in Resources */ = {isa = PBXBuildFile; fileRef = 865541E2286354730096B746 /* Assets.xcassets */; };
		865541E6286354730096B746 /* Preview Assets.xcassets in Resources */ = {isa = PBXBuildFile; fileRef = 865541E5286354730096B746 /* Preview Assets.xcassets */; };
		865541EE2863552A0096B746 /* NetworkService.swift in Sources */ = {isa = PBXBuildFile; fileRef = 865541ED2863552A0096B746 /* NetworkService.swift */; };
		865541F0286355D50096B746 /* NetworkDataFetcher.swift in Sources */ = {isa = PBXBuildFile; fileRef = 865541EF286355D50096B746 /* NetworkDataFetcher.swift */; };
		865541F228635B5F0096B746 /* Constants.swift in Sources */ = {isa = PBXBuildFile; fileRef = 865541F128635B5F0096B746 /* Constants.swift */; };
		865541F4286365550096B746 /* RegistrationView.swift in Sources */ = {isa = PBXBuildFile; fileRef = 865541F3286365550096B746 /* RegistrationView.swift */; };
		865541F62863656D0096B746 /* TaskListView.swift in Sources */ = {isa = PBXBuildFile; fileRef = 865541F52863656D0096B746 /* TaskListView.swift */; };
		865541FA2863B8A00096B746 /* ViewModel.swift in Sources */ = {isa = PBXBuildFile; fileRef = 865541F92863B8A00096B746 /* ViewModel.swift */; };
		865541FD2863B8C40096B746 /* Model.swift in Sources */ = {isa = PBXBuildFile; fileRef = 865541FC2863B8C40096B746 /* Model.swift */; };
/* End PBXBuildFile section */

/* Begin PBXFileReference section */
		865541DB286354710096B746 /* taskList.app */ = {isa = PBXFileReference; explicitFileType = wrapper.application; includeInIndex = 0; path = taskList.app; sourceTree = BUILT_PRODUCTS_DIR; };
		865541DE286354710096B746 /* taskListApp.swift */ = {isa = PBXFileReference; lastKnownFileType = sourcecode.swift; path = taskListApp.swift; sourceTree = "<group>"; };
		865541E0286354710096B746 /* MainMenuView.swift */ = {isa = PBXFileReference; lastKnownFileType = sourcecode.swift; path = MainMenuView.swift; sourceTree = "<group>"; };
		865541E2286354730096B746 /* Assets.xcassets */ = {isa = PBXFileReference; lastKnownFileType = folder.assetcatalog; path = Assets.xcassets; sourceTree = "<group>"; };
		865541E5286354730096B746 /* Preview Assets.xcassets */ = {isa = PBXFileReference; lastKnownFileType = folder.assetcatalog; path = "Preview Assets.xcassets"; sourceTree = "<group>"; };
		865541ED2863552A0096B746 /* NetworkService.swift */ = {isa = PBXFileReference; lastKnownFileType = sourcecode.swift; path = NetworkService.swift; sourceTree = "<group>"; };
		865541EF286355D50096B746 /* NetworkDataFetcher.swift */ = {isa = PBXFileReference; lastKnownFileType = sourcecode.swift; path = NetworkDataFetcher.swift; sourceTree = "<group>"; };
		865541F128635B5F0096B746 /* Constants.swift */ = {isa = PBXFileReference; lastKnownFileType = sourcecode.swift; path = Constants.swift; sourceTree = "<group>"; };
		865541F3286365550096B746 /* RegistrationView.swift */ = {isa = PBXFileReference; lastKnownFileType = sourcecode.swift; path = RegistrationView.swift; sourceTree = "<group>"; };
		865541F52863656D0096B746 /* TaskListView.swift */ = {isa = PBXFileReference; lastKnownFileType = sourcecode.swift; path = TaskListView.swift; sourceTree = "<group>"; };
		865541F92863B8A00096B746 /* ViewModel.swift */ = {isa = PBXFileReference; lastKnownFileType = sourcecode.swift; path = ViewModel.swift; sourceTree = "<group>"; };
		865541FC2863B8C40096B746 /* Model.swift */ = {isa = PBXFileReference; lastKnownFileType = sourcecode.swift; path = Model.swift; sourceTree = "<group>"; };
/* End PBXFileReference section */

/* Begin PBXFrameworksBuildPhase section */
		865541D8286354710096B746 /* Frameworks */ = {
			isa = PBXFrameworksBuildPhase;
			buildActionMask = 2147483647;
			files = (
			);
			runOnlyForDeploymentPostprocessing = 0;
		};
/* End PBXFrameworksBuildPhase section */

/* Begin PBXGroup section */
		865541D2286354710096B746 = {
			isa = PBXGroup;
			children = (
				865541DD286354710096B746 /* taskList */,
				865541DC286354710096B746 /* Products */,
			);
			sourceTree = "<group>";
		};
		865541DC286354710096B746 /* Products */ = {
			isa = PBXGroup;
			children = (
				865541DB286354710096B746 /* taskList.app */,
			);
			name = Products;
			sourceTree = "<group>";
		};
		865541DD286354710096B746 /* taskList */ = {
			isa = PBXGroup;
			children = (
				865541FB2863B8B10096B746 /* Model */,
				865541F7286365750096B746 /* View */,
				865541F82863B87D0096B746 /* ViewModel */,
				865541DE286354710096B746 /* taskListApp.swift */,
				865541EC2863549F0096B746 /* Networking */,
				865541E2286354730096B746 /* Assets.xcassets */,
				865541E4286354730096B746 /* Preview Content */,
				865541F128635B5F0096B746 /* Constants.swift */,
			);
			path = taskList;
			sourceTree = "<group>";
		};
		865541E4286354730096B746 /* Preview Content */ = {
			isa = PBXGroup;
			children = (
				865541E5286354730096B746 /* Preview Assets.xcassets */,
			);
			path = "Preview Content";
			sourceTree = "<group>";
		};
		865541EC2863549F0096B746 /* Networking */ = {
			isa = PBXGroup;
			children = (
				865541ED2863552A0096B746 /* NetworkService.swift */,
				865541EF286355D50096B746 /* NetworkDataFetcher.swift */,
			);
			path = Networking;
			sourceTree = "<group>";
		};
		865541F7286365750096B746 /* View */ = {
			isa = PBXGroup;
			children = (
				865541E0286354710096B746 /* MainMenuView.swift */,
				865541F52863656D0096B746 /* TaskListView.swift */,
				865541F3286365550096B746 /* RegistrationView.swift */,
			);
			path = View;
			sourceTree = "<group>";
		};
		865541F82863B87D0096B746 /* ViewModel */ = {
			isa = PBXGroup;
			children = (
				865541F92863B8A00096B746 /* ViewModel.swift */,
			);
			path = ViewModel;
			sourceTree = "<group>";
		};
		865541FB2863B8B10096B746 /* Model */ = {
			isa = PBXGroup;
			children = (
				865541FC2863B8C40096B746 /* Model.swift */,
			);
			path = Model;
			sourceTree = "<group>";
		};
/* End PBXGroup section */

/* Begin PBXNativeTarget section */
		865541DA286354710096B746 /* taskList */ = {
			isa = PBXNativeTarget;
			buildConfigurationList = 865541E9286354730096B746 /* Build configuration list for PBXNativeTarget "taskList" */;
			buildPhases = (
				865541D7286354710096B746 /* Sources */,
				865541D8286354710096B746 /* Frameworks */,
				865541D9286354710096B746 /* Resources */,
			);
			buildRules = (
			);
			dependencies = (
			);
			name = taskList;
			productName = taskList;
			productReference = 865541DB286354710096B746 /* taskList.app */;
			productType = "com.apple.product-type.application";
		};
/* End PBXNativeTarget section */

/* Begin PBXProject section */
		865541D3286354710096B746 /* Project object */ = {
			isa = PBXProject;
			attributes = {
				BuildIndependentTargetsInParallel = 1;
				LastSwiftUpdateCheck = 1340;
				LastUpgradeCheck = 1340;
				TargetAttributes = {
					865541DA286354710096B746 = {
						CreatedOnToolsVersion = 13.4.1;
					};
				};
			};
			buildConfigurationList = 865541D6286354710096B746 /* Build configuration list for PBXProject "taskList" */;
			compatibilityVersion = "Xcode 13.0";
			developmentRegion = en;
			hasScannedForEncodings = 0;
			knownRegions = (
				en,
				Base,
			);
			mainGroup = 865541D2286354710096B746;
			productRefGroup = 865541DC286354710096B746 /* Products */;
			projectDirPath = "";
			projectRoot = "";
			targets = (
				865541DA286354710096B746 /* taskList */,
			);
		};
/* End PBXProject section */

/* Begin PBXResourcesBuildPhase section */
		865541D9286354710096B746 /* Resources */ = {
			isa = PBXResourcesBuildPhase;
			buildActionMask = 2147483647;
			files = (
				865541E6286354730096B746 /* Preview Assets.xcassets in Resources */,
				865541E3286354730096B746 /* Assets.xcassets in Resources */,
			);
			runOnlyForDeploymentPostprocessing = 0;
		};
/* End PBXResourcesBuildPhase section */

/* Begin PBXSourcesBuildPhase section */
		865541D7286354710096B746 /* Sources */ = {
			isa = PBXSourcesBuildPhase;
			buildActionMask = 2147483647;
			files = (
				865541FD2863B8C40096B746 /* Model.swift in Sources */,
				865541F62863656D0096B746 /* TaskListView.swift in Sources */,
				865541F228635B5F0096B746 /* Constants.swift in Sources */,
				865541F0286355D50096B746 /* NetworkDataFetcher.swift in Sources */,
				865541E1286354710096B746 /* MainMenuView.swift in Sources */,
				865541F4286365550096B746 /* RegistrationView.swift in Sources */,
				865541EE2863552A0096B746 /* NetworkService.swift in Sources */,
				865541FA2863B8A00096B746 /* ViewModel.swift in Sources */,
				865541DF286354710096B746 /* taskListApp.swift in Sources */,
			);
			runOnlyForDeploymentPostprocessing = 0;
		};
/* End PBXSourcesBuildPhase section */

/* Begin XCBuildConfiguration section */
		865541E7286354730096B746 /* Debug */ = {
			isa = XCBuildConfiguration;
			buildSettings = {
				ALWAYS_SEARCH_USER_PATHS = NO;
				CLANG_ANALYZER_NONNULL = YES;
				CLANG_ANALYZER_NUMBER_OBJECT_CONVERSION = YES_AGGRESSIVE;
				CLANG_CXX_LANGUAGE_STANDARD = "gnu++17";
				CLANG_ENABLE_MODULES = YES;
				CLANG_ENABLE_OBJC_ARC = YES;
				CLANG_ENABLE_OBJC_WEAK = YES;
				CLANG_WARN_BLOCK_CAPTURE_AUTORELEASING = YES;
				CLANG_WARN_BOOL_CONVERSION = YES;
				CLANG_WARN_COMMA = YES;
				CLANG_WARN_CONSTANT_CONVERSION = YES;
				CLANG_WARN_DEPRECATED_OBJC_IMPLEMENTATIONS = YES;
				CLANG_WARN_DIRECT_OBJC_ISA_USAGE = YES_ERROR;
				CLANG_WARN_DOCUMENTATION_COMMENTS = YES;
				CLANG_WARN_EMPTY_BODY = YES;
				CLANG_WARN_ENUM_CONVERSION = YES;
				CLANG_WARN_INFINITE_RECURSION = YES;
				CLANG_WARN_INT_CONVERSION = YES;
				CLANG_WARN_NON_LITERAL_NULL_CONVERSION = YES;
				CLANG_WARN_OBJC_IMPLICIT_RETAIN_SELF = YES;
				CLANG_WARN_OBJC_LITERAL_CONVERSION = YES;
				CLANG_WARN_OBJC_ROOT_CLASS = YES_ERROR;
				CLANG_WARN_QUOTED_INCLUDE_IN_FRAMEWORK_HEADER = YES;
				CLANG_WARN_RANGE_LOOP_ANALYSIS = YES;
				CLANG_WARN_STRICT_PROTOTYPES = YES;
				CLANG_WARN_SUSPICIOUS_MOVE = YES;
				CLANG_WARN_UNGUARDED_AVAILABILITY = YES_AGGRESSIVE;
				CLANG_WARN_UNREACHABLE_CODE = YES;
				CLANG_WARN__DUPLICATE_METHOD_MATCH = YES;
				COPY_PHASE_STRIP = NO;
				DEBUG_INFORMATION_FORMAT = dwarf;
				ENABLE_STRICT_OBJC_MSGSEND = YES;
				ENABLE_TESTABILITY = YES;
				GCC_C_LANGUAGE_STANDARD = gnu11;
				GCC_DYNAMIC_NO_PIC = NO;
				GCC_NO_COMMON_BLOCKS = YES;
				GCC_OPTIMIZATION_LEVEL = 0;
				GCC_PREPROCESSOR_DEFINITIONS = (
					"DEBUG=1",
					"$(inherited)",
				);
				GCC_WARN_64_TO_32_BIT_CONVERSION = YES;
				GCC_WARN_ABOUT_RETURN_TYPE = YES_ERROR;
				GCC_WARN_UNDECLARED_SELECTOR = YES;
				GCC_WARN_UNINITIALIZED_AUTOS = YES_AGGRESSIVE;
				GCC_WARN_UNUSED_FUNCTION = YES;
				GCC_WARN_UNUSED_VARIABLE = YES;
				IPHONEOS_DEPLOYMENT_TARGET = 15.5;
				MTL_ENABLE_DEBUG_INFO = INCLUDE_SOURCE;
				MTL_FAST_MATH = YES;
				ONLY_ACTIVE_ARCH = YES;
				SDKROOT = iphoneos;
				SWIFT_ACTIVE_COMPILATION_CONDITIONS = DEBUG;
				SWIFT_OPTIMIZATION_LEVEL = "-Onone";
			};
			name = Debug;
		};
		865541E8286354730096B746 /* Release */ = {
			isa = XCBuildConfiguration;
			buildSettings = {
				ALWAYS_SEARCH_USER_PATHS = NO;
				CLANG_ANALYZER_NONNULL = YES;
				CLANG_ANALYZER_NUMBER_OBJECT_CONVERSION = YES_AGGRESSIVE;
				CLANG_CXX_LANGUAGE_STANDARD = "gnu++17";
				CLANG_ENABLE_MODULES = YES;
				CLANG_ENABLE_OBJC_ARC = YES;
				CLANG_ENABLE_OBJC_WEAK = YES;
				CLANG_WARN_BLOCK_CAPTURE_AUTORELEASING = YES;
				CLANG_WARN_BOOL_CONVERSION = YES;
				CLANG_WARN_COMMA = YES;
				CLANG_WARN_CONSTANT_CONVERSION = YES;
				CLANG_WARN_DEPRECATED_OBJC_IMPLEMENTATIONS = YES;
				CLANG_WARN_DIRECT_OBJC_ISA_USAGE = YES_ERROR;
				CLANG_WARN_DOCUMENTATION_COMMENTS = YES;
				CLANG_WARN_EMPTY_BODY = YES;
				CLANG_WARN_ENUM_CONVERSION = YES;
				CLANG_WARN_INFINITE_RECURSION = YES;
				CLANG_WARN_INT_CONVERSION = YES;
				CLANG_WARN_NON_LITERAL_NULL_CONVERSION = YES;
				CLANG_WARN_OBJC_IMPLICIT_RETAIN_SELF = YES;
				CLANG_WARN_OBJC_LITERAL_CONVERSION = YES;
				CLANG_WARN_OBJC_ROOT_CLASS = YES_ERROR;
				CLANG_WARN_QUOTED_INCLUDE_IN_FRAMEWORK_HEADER = YES;
				CLANG_WARN_RANGE_LOOP_ANALYSIS = YES;
				CLANG_WARN_STRICT_PROTOTYPES = YES;
				CLANG_WARN_SUSPICIOUS_MOVE = YES;
				CLANG_WARN_UNGUARDED_AVAILABILITY = YES_AGGRESSIVE;
				CLANG_WARN_UNREACHABLE_CODE = YES;
				CLANG_WARN__DUPLICATE_METHOD_MATCH = YES;
				COPY_PHASE_STRIP = NO;
				DEBUG_INFORMATION_FORMAT = "dwarf-with-dsym";
				ENABLE_NS_ASSERTIONS = NO;
				ENABLE_STRICT_OBJC_MSGSEND = YES;
				GCC_C_LANGUAGE_STANDARD = gnu11;
				GCC_NO_COMMON_BLOCKS = YES;
				GCC_WARN_64_TO_32_BIT_CONVERSION = YES;
				GCC_WARN_ABOUT_RETURN_TYPE = YES_ERROR;
				GCC_WARN_UNDECLARED_SELECTOR = YES;
				GCC_WARN_UNINITIALIZED_AUTOS = YES_AGGRESSIVE;
				GCC_WARN_UNUSED_FUNCTION = YES;
				GCC_WARN_UNUSED_VARIABLE = YES;
				IPHONEOS_DEPLOYMENT_TARGET = 15.5;
				MTL_ENABLE_DEBUG_INFO = NO;
				MTL_FAST_MATH = YES;
				SDKROOT = iphoneos;
				SWIFT_COMPILATION_MODE = wholemodule;
				SWIFT_OPTIMIZATION_LEVEL = "-O";
				VALIDATE_PRODUCT = YES;
			};
			name = Release;
		};
		865541EA286354730096B746 /* Debug */ = {
			isa = XCBuildConfiguration;
			buildSettings = {
				ASSETCATALOG_COMPILER_APPICON_NAME = AppIcon;
				ASSETCATALOG_COMPILER_GLOBAL_ACCENT_COLOR_NAME = AccentColor;
				CODE_SIGN_STYLE = Automatic;
				CURRENT_PROJECT_VERSION = 1;
				DEVELOPMENT_ASSET_PATHS = "\"taskList/Preview Content\"";
				DEVELOPMENT_TEAM = 4WQFD456R9;
				ENABLE_PREVIEWS = YES;
				GENERATE_INFOPLIST_FILE = YES;
				INFOPLIST_KEY_UIApplicationSceneManifest_Generation = YES;
				INFOPLIST_KEY_UIApplicationSupportsIndirectInputEvents = YES;
				INFOPLIST_KEY_UILaunchScreen_Generation = YES;
				INFOPLIST_KEY_UISupportedInterfaceOrientations_iPad = "UIInterfaceOrientationPortrait UIInterfaceOrientationPortraitUpsideDown UIInterfaceOrientationLandscapeLeft UIInterfaceOrientationLandscapeRight";
				INFOPLIST_KEY_UISupportedInterfaceOrientations_iPhone = "UIInterfaceOrientationPortrait UIInterfaceOrientationLandscapeLeft UIInterfaceOrientationLandscapeRight";
				IPHONEOS_DEPLOYMENT_TARGET = 14.0;
				LD_RUNPATH_SEARCH_PATHS = (
					"$(inherited)",
					"@executable_path/Frameworks",
				);
				MARKETING_VERSION = 1.0;
				PRODUCT_BUNDLE_IDENTIFIER = IliaByHimself.taskList;
				PRODUCT_NAME = "$(TARGET_NAME)";
				SWIFT_EMIT_LOC_STRINGS = YES;
				SWIFT_VERSION = 5.0;
				TARGETED_DEVICE_FAMILY = 1;
			};
			name = Debug;
		};
		865541EB286354730096B746 /* Release */ = {
			isa = XCBuildConfiguration;
			buildSettings = {
				ASSETCATALOG_COMPILER_APPICON_NAME = AppIcon;
				ASSETCATALOG_COMPILER_GLOBAL_ACCENT_COLOR_NAME = AccentColor;
				CODE_SIGN_STYLE = Automatic;
				CURRENT_PROJECT_VERSION = 1;
				DEVELOPMENT_ASSET_PATHS = "\"taskList/Preview Content\"";
				DEVELOPMENT_TEAM = 4WQFD456R9;
				ENABLE_PREVIEWS = YES;
				GENERATE_INFOPLIST_FILE = YES;
				INFOPLIST_KEY_UIApplicationSceneManifest_Generation = YES;
				INFOPLIST_KEY_UIApplicationSupportsIndirectInputEvents = YES;
				INFOPLIST_KEY_UILaunchScreen_Generation = YES;
				INFOPLIST_KEY_UISupportedInterfaceOrientations_iPad = "UIInterfaceOrientationPortrait UIInterfaceOrientationPortraitUpsideDown UIInterfaceOrientationLandscapeLeft UIInterfaceOrientationLandscapeRight";
				INFOPLIST_KEY_UISupportedInterfaceOrientations_iPhone = "UIInterfaceOrientationPortrait UIInterfaceOrientationLandscapeLeft UIInterfaceOrientationLandscapeRight";
				IPHONEOS_DEPLOYMENT_TARGET = 14.0;
				LD_RUNPATH_SEARCH_PATHS = (
					"$(inherited)",
					"@executable_path/Frameworks",
				);
				MARKETING_VERSION = 1.0;
				PRODUCT_BUNDLE_IDENTIFIER = IliaByHimself.taskList;
				PRODUCT_NAME = "$(TARGET_NAME)";
				SWIFT_EMIT_LOC_STRINGS = YES;
				SWIFT_VERSION = 5.0;
				TARGETED_DEVICE_FAMILY = 1;
			};
			name = Release;
		};
/* End XCBuildConfiguration section */

/* Begin XCConfigurationList section */
		865541D6286354710096B746 /* Build configuration list for PBXProject "taskList" */ = {
			isa = XCConfigurationList;
			buildConfigurations = (
				865541E7286354730096B746 /* Debug */,
				865541E8286354730096B746 /* Release */,
			);
			defaultConfigurationIsVisible = 0;
			defaultConfigurationName = Release;
		};
		865541E9286354730096B746 /* Build configuration list for PBXNativeTarget "taskList" */ = {
			isa = XCConfigurationList;
			buildConfigurations = (
				865541EA286354730096B746 /* Debug */,
				865541EB286354730096B746 /* Release */,
			);
			defaultConfigurationIsVisible = 0;
			defaultConfigurationName = Release;
		};
/* End XCConfigurationList section */
	};
	rootObject = 865541D3286354710096B746 /* Project object */;
}
